
Microsoft Visual Studio Solution File, Format Version 12.00
# Visual Studio Version 17
VisualStudioVersion = 17.2.32630.192
MinimumVisualStudioVersion = 10.0.40219.1
Project("{9A19103F-16F7-4668-BE54-9A1E7A4F7556}") = "GameAssistant", "GameAssistant\GameAssistant.csproj", "{A7E0B4B1-ACCB-4B0D-B0D2-DD4B1DB23983}"
EndProject
Project("{9A19103F-16F7-4668-BE54-9A1E7A4F7556}") = "GameAssistant.UnitTest", "GameAssistant.UnitTest\GameAssistant.UnitTest.csproj", "{1FA74B5C-ED79-46F8-84C1-95FE46984C20}"
EndProject
Project("{FAE04EC0-301F-11D3-BF4B-00C04F79EFBC}") = "GameTester", "GameTester\GameTester.csproj", "{A428DA59-4759-4C8F-B3F5-F778FDB40434}"
EndProject
Global
	GlobalSection(SolutionConfigurationPlatforms) = preSolution
		Debug|Any CPU = Debug|Any CPU
		Release|Any CPU = Release|Any CPU
	EndGlobalSection
	GlobalSection(ProjectConfigurationPlatforms) = postSolution
		{A7E0B4B1-ACCB-4B0D-B0D2-DD4B1DB23983}.Debug|Any CPU.ActiveCfg = Debug|Any CPU
		{A7E0B4B1-ACCB-4B0D-B0D2-DD4B1DB23983}.Debug|Any CPU.Build.0 = Debug|Any CPU
		{A7E0B4B1-ACCB-4B0D-B0D2-DD4B1DB23983}.Release|Any CPU.ActiveCfg = Release|Any CPU
		{A7E0B4B1-ACCB-4B0D-B0D2-DD4B1DB23983}.Release|Any CPU.Build.0 = Release|Any CPU
		{1FA74B5C-ED79-46F8-84C1-95FE46984C20}.Debug|Any CPU.ActiveCfg = Debug|Any CPU
		{1FA74B5C-ED79-46F8-84C1-95FE46984C20}.Debug|Any CPU.Build.0 = Debug|Any CPU
		{1FA74B5C-ED79-46F8-84C1-95FE46984C20}.Release|Any CPU.ActiveCfg = Release|Any CPU
		{1FA74B5C-ED79-46F8-84C1-95FE46984C20}.Release|Any CPU.Build.0 = Release|Any CPU
		{A428DA59-4759-4C8F-B3F5-F778FDB40434}.Debug|Any CPU.ActiveCfg = Debug|Any CPU
		{A428DA59-4759-4C8F-B3F5-F778FDB40434}.Debug|Any CPU.Build.0 = Debug|Any CPU
		{A428DA59-4759-4C8F-B3F5-F778FDB40434}.Release|Any CPU.ActiveCfg = Release|Any CPU
		{A428DA59-4759-4C8F-B3F5-F778FDB40434}.Release|Any CPU.Build.0 = Release|Any CPU
	EndGlobalSection
	GlobalSection(SolutionProperties) = preSolution
		HideSolutionNode = FALSE
	EndGlobalSection
	GlobalSection(ExtensibilityGlobals) = postSolution
		SolutionGuid = {C8CB0413-9341-48FA-9B79-B78928D24090}
	EndGlobalSection
EndGlobal
